
Microsoft Visual Studio Solution File, Format Version 12.00
# Visual Studio Version 16
VisualStudioVersion = 16.0.30523.141
MinimumVisualStudioVersion = 10.0.40219.1
Project("{FAE04EC0-301F-11D3-BF4B-00C04F79EFBC}") = "Visus.Stl", "Visus.Stl\Visus.Stl.csproj", "{B33DB021-8532-43BA-878F-09ACCDE2B54B}"
EndProject
Project("{FAE04EC0-301F-11D3-BF4B-00C04F79EFBC}") = "Visus.Stl.Test", "Visus.Stl.Test\Visus.Stl.Test.csproj", "{AFF14C06-BB35-4889-9F16-F48E59B99721}"
EndProject
Global
	GlobalSection(SolutionConfigurationPlatforms) = preSolution
		Debug|Any CPU = Debug|Any CPU
		Release|Any CPU = Release|Any CPU
	EndGlobalSection
	GlobalSection(ProjectConfigurationPlatforms) = postSolution
		{B33DB021-8532-43BA-878F-09ACCDE2B54B}.Debug|Any CPU.ActiveCfg = Debug|Any CPU
		{B33DB021-8532-43BA-878F-09ACCDE2B54B}.Debug|Any CPU.Build.0 = Debug|Any CPU
		{B33DB021-8532-43BA-878F-09ACCDE2B54B}.Release|Any CPU.ActiveCfg = Release|Any CPU
		{B33DB021-8532-43BA-878F-09ACCDE2B54B}.Release|Any CPU.Build.0 = Release|Any CPU
		{AFF14C06-BB35-4889-9F16-F48E59B99721}.Debug|Any CPU.ActiveCfg = Debug|Any CPU
		{AFF14C06-BB35-4889-9F16-F48E59B99721}.Debug|Any CPU.Build.0 = Debug|Any CPU
		{AFF14C06-BB35-4889-9F16-F48E59B99721}.Release|Any CPU.ActiveCfg = Release|Any CPU
		{AFF14C06-BB35-4889-9F16-F48E59B99721}.Release|Any CPU.Build.0 = Release|Any CPU
	EndGlobalSection
	GlobalSection(SolutionProperties) = preSolution
		HideSolutionNode = FALSE
	EndGlobalSection
	GlobalSection(ExtensibilityGlobals) = postSolution
		SolutionGuid = {5766121A-5B0B-41B8-AE1D-0EC72597B21D}
	EndGlobalSection
EndGlobal
